
Microsoft Visual Studio Solution File, Format Version 12.00
# Visual Studio Version 17
VisualStudioVersion = 17.1.32210.238
MinimumVisualStudioVersion = 10.0.40219.1
Project("{FAE04EC0-301F-11D3-BF4B-00C04F79EFBC}") = "Entities", "Entities\Entities.csproj", "{621FBCB7-E37D-4D04-B286-14DBC8DA4828}"
EndProject
Project("{FAE04EC0-301F-11D3-BF4B-00C04F79EFBC}") = "Core", "Core\Core.csproj", "{C5CC9EB2-BE94-4106-83CD-11B0739642EB}"
EndProject
Project("{FAE04EC0-301F-11D3-BF4B-00C04F79EFBC}") = "DataAccess", "DataAccess\DataAccess.csproj", "{9B84E9B2-F18F-4138-89C0-CAAC7D0410D5}"
EndProject
Project("{FAE04EC0-301F-11D3-BF4B-00C04F79EFBC}") = "Business", "Business\Business.csproj", "{7D52717D-2D66-47F8-A1EF-4FF0F3917AE6}"
EndProject
Project("{FAE04EC0-301F-11D3-BF4B-00C04F79EFBC}") = "WebAPI", "WebAPI\WebAPI.csproj", "{221EE7DA-E200-4E04-9E21-D851F30CD0CE}"
EndProject
Global
	GlobalSection(SolutionConfigurationPlatforms) = preSolution
		Debug|Any CPU = Debug|Any CPU
		Release|Any CPU = Release|Any CPU
	EndGlobalSection
	GlobalSection(ProjectConfigurationPlatforms) = postSolution
		{621FBCB7-E37D-4D04-B286-14DBC8DA4828}.Debug|Any CPU.ActiveCfg = Debug|Any CPU
		{621FBCB7-E37D-4D04-B286-14DBC8DA4828}.Debug|Any CPU.Build.0 = Debug|Any CPU
		{621FBCB7-E37D-4D04-B286-14DBC8DA4828}.Release|Any CPU.ActiveCfg = Release|Any CPU
		{621FBCB7-E37D-4D04-B286-14DBC8DA4828}.Release|Any CPU.Build.0 = Release|Any CPU
		{C5CC9EB2-BE94-4106-83CD-11B0739642EB}.Debug|Any CPU.ActiveCfg = Debug|Any CPU
		{C5CC9EB2-BE94-4106-83CD-11B0739642EB}.Debug|Any CPU.Build.0 = Debug|Any CPU
		{C5CC9EB2-BE94-4106-83CD-11B0739642EB}.Release|Any CPU.ActiveCfg = Release|Any CPU
		{C5CC9EB2-BE94-4106-83CD-11B0739642EB}.Release|Any CPU.Build.0 = Release|Any CPU
		{9B84E9B2-F18F-4138-89C0-CAAC7D0410D5}.Debug|Any CPU.ActiveCfg = Debug|Any CPU
		{9B84E9B2-F18F-4138-89C0-CAAC7D0410D5}.Debug|Any CPU.Build.0 = Debug|Any CPU
		{9B84E9B2-F18F-4138-89C0-CAAC7D0410D5}.Release|Any CPU.ActiveCfg = Release|Any CPU
		{9B84E9B2-F18F-4138-89C0-CAAC7D0410D5}.Release|Any CPU.Build.0 = Release|Any CPU
		{7D52717D-2D66-47F8-A1EF-4FF0F3917AE6}.Debug|Any CPU.ActiveCfg = Debug|Any CPU
		{7D52717D-2D66-47F8-A1EF-4FF0F3917AE6}.Debug|Any CPU.Build.0 = Debug|Any CPU
		{7D52717D-2D66-47F8-A1EF-4FF0F3917AE6}.Release|Any CPU.ActiveCfg = Release|Any CPU
		{7D52717D-2D66-47F8-A1EF-4FF0F3917AE6}.Release|Any CPU.Build.0 = Release|Any CPU
		{221EE7DA-E200-4E04-9E21-D851F30CD0CE}.Debug|Any CPU.ActiveCfg = Debug|Any CPU
		{221EE7DA-E200-4E04-9E21-D851F30CD0CE}.Debug|Any CPU.Build.0 = Debug|Any CPU
		{221EE7DA-E200-4E04-9E21-D851F30CD0CE}.Release|Any CPU.ActiveCfg = Release|Any CPU
		{221EE7DA-E200-4E04-9E21-D851F30CD0CE}.Release|Any CPU.Build.0 = Release|Any CPU
	EndGlobalSection
	GlobalSection(SolutionProperties) = preSolution
		HideSolutionNode = FALSE
	EndGlobalSection
	GlobalSection(ExtensibilityGlobals) = postSolution
		SolutionGuid = {BDCDCEE3-DA22-4861-A0DB-74DA61A5CB71}
	EndGlobalSection
EndGlobal
